<?xml version="1.0" encoding="utf-8"?>
<Project ToolsVersion="4.0" xmlns="http://schemas.microsoft.com/developer/msbuild/2003">
  <ItemGroup>
    <ClCompile Include="org.cpp" />
    <ClCompile Include="liborganya\decoder.cpp">
      <Filter>liborganya</Filter>
    </ClCompile>
    <ClCompile Include="liborganya\file.cpp">
      <Filter>liborganya</Filter>
    </ClCompile>
    <ClCompile Include="liborganya\blip_buf.c">
      <Filter>liborganya</Filter>
    </ClCompile>
  </ItemGroup>
  <ItemGroup>
    <ClInclude Include="liborganya\decoder.h">
      <Filter>liborganya</Filter>
    </ClInclude>
    <ClInclude Include="liborganya\file.h">
      <Filter>liborganya</Filter>
    </ClInclude>
    <ClInclude Include="liborganya\organya.h">
      <Filter>liborganya</Filter>
    </ClInclude>
    <ClInclude Include="liborganya\swap.h">
      <Filter>liborganya</Filter>
    </ClInclude>
    <ClInclude Include="liborganya\blip_buf.h">
      <Filter>liborganya</Filter>
    </ClInclude>
  </ItemGroup>
  <ItemGroup>
    <Filter Include="liborganya">
      <UniqueIdentifier>{43762ac7-f1e6-4759-9703-5953e5706c4b}</UniqueIdentifier>
    </Filter>
  </ItemGroup>
</Project>